
Microsoft Visual Studio Solution File, Format Version 12.00
# Visual Studio 14
VisualStudioVersion = 14.0.23107.0
MinimumVisualStudioVersion = 10.0.40219.1
Project("{FAE04EC0-301F-11D3-BF4B-00C04F79EFBC}") = "acme.api.Web", "acme.api\acme.api.Web.csproj", "{C2EB16A9-575E-4F65-B2AC-75CE3BC78BD9}"
EndProject
Project("{FAE04EC0-301F-11D3-BF4B-00C04F79EFBC}") = "acme.api.Models", "acme.api.Models\acme.api.Models.csproj", "{D12D970B-B3A7-417B-BF18-3A8233EC0223}"
EndProject
Project("{FAE04EC0-301F-11D3-BF4B-00C04F79EFBC}") = "acme.api.Helpers", "acme.api.Helpers\acme.api.Helpers.csproj", "{9206915E-0EB2-4C15-8194-20C2B48D5B9C}"
EndProject
Global
	GlobalSection(SolutionConfigurationPlatforms) = preSolution
		Debug|Any CPU = Debug|Any CPU
		Release|Any CPU = Release|Any CPU
	EndGlobalSection
	GlobalSection(ProjectConfigurationPlatforms) = postSolution
		{C2EB16A9-575E-4F65-B2AC-75CE3BC78BD9}.Debug|Any CPU.ActiveCfg = Debug|Any CPU
		{C2EB16A9-575E-4F65-B2AC-75CE3BC78BD9}.Debug|Any CPU.Build.0 = Debug|Any CPU
		{C2EB16A9-575E-4F65-B2AC-75CE3BC78BD9}.Release|Any CPU.ActiveCfg = Release|Any CPU
		{C2EB16A9-575E-4F65-B2AC-75CE3BC78BD9}.Release|Any CPU.Build.0 = Release|Any CPU
		{D12D970B-B3A7-417B-BF18-3A8233EC0223}.Debug|Any CPU.ActiveCfg = Debug|Any CPU
		{D12D970B-B3A7-417B-BF18-3A8233EC0223}.Debug|Any CPU.Build.0 = Debug|Any CPU
		{D12D970B-B3A7-417B-BF18-3A8233EC0223}.Release|Any CPU.ActiveCfg = Release|Any CPU
		{D12D970B-B3A7-417B-BF18-3A8233EC0223}.Release|Any CPU.Build.0 = Release|Any CPU
		{9206915E-0EB2-4C15-8194-20C2B48D5B9C}.Debug|Any CPU.ActiveCfg = Debug|Any CPU
		{9206915E-0EB2-4C15-8194-20C2B48D5B9C}.Debug|Any CPU.Build.0 = Debug|Any CPU
		{9206915E-0EB2-4C15-8194-20C2B48D5B9C}.Release|Any CPU.ActiveCfg = Release|Any CPU
		{9206915E-0EB2-4C15-8194-20C2B48D5B9C}.Release|Any CPU.Build.0 = Release|Any CPU
	EndGlobalSection
	GlobalSection(SolutionProperties) = preSolution
		HideSolutionNode = FALSE
	EndGlobalSection
EndGlobal
